
Microsoft Visual Studio Solution File, Format Version 12.00
# Visual Studio Version 17
VisualStudioVersion = 17.10.35122.118
MinimumVisualStudioVersion = 10.0.40219.1
Project("{9A19103F-16F7-4668-BE54-9A1E7A4F7556}") = "MVC_App", "MVC_App\MVC_App.csproj", "{EE7E1BEC-C754-4705-BF21-5EF7C9526FAB}"
EndProject
Project("{FAE04EC0-301F-11D3-BF4B-00C04F79EFBC}") = "Application_Domain", "Application_Domain\Application_Domain.csproj", "{5192F1B5-A545-4ECC-97E8-5F1A9247CC96}"
EndProject
Project("{FAE04EC0-301F-11D3-BF4B-00C04F79EFBC}") = "Infrastructure", "Infrastructure\Infrastructure.csproj", "{F39E67C2-1BCC-4F3F-86B2-0A4761BC3EB1}"
EndProject
Global
	GlobalSection(SolutionConfigurationPlatforms) = preSolution
		Debug|Any CPU = Debug|Any CPU
		Release|Any CPU = Release|Any CPU
	EndGlobalSection
	GlobalSection(ProjectConfigurationPlatforms) = postSolution
		{EE7E1BEC-C754-4705-BF21-5EF7C9526FAB}.Debug|Any CPU.ActiveCfg = Debug|Any CPU
		{EE7E1BEC-C754-4705-BF21-5EF7C9526FAB}.Debug|Any CPU.Build.0 = Debug|Any CPU
		{EE7E1BEC-C754-4705-BF21-5EF7C9526FAB}.Release|Any CPU.ActiveCfg = Release|Any CPU
		{EE7E1BEC-C754-4705-BF21-5EF7C9526FAB}.Release|Any CPU.Build.0 = Release|Any CPU
		{5192F1B5-A545-4ECC-97E8-5F1A9247CC96}.Debug|Any CPU.ActiveCfg = Debug|Any CPU
		{5192F1B5-A545-4ECC-97E8-5F1A9247CC96}.Debug|Any CPU.Build.0 = Debug|Any CPU
		{5192F1B5-A545-4ECC-97E8-5F1A9247CC96}.Release|Any CPU.ActiveCfg = Release|Any CPU
		{5192F1B5-A545-4ECC-97E8-5F1A9247CC96}.Release|Any CPU.Build.0 = Release|Any CPU
		{F39E67C2-1BCC-4F3F-86B2-0A4761BC3EB1}.Debug|Any CPU.ActiveCfg = Debug|Any CPU
		{F39E67C2-1BCC-4F3F-86B2-0A4761BC3EB1}.Debug|Any CPU.Build.0 = Debug|Any CPU
		{F39E67C2-1BCC-4F3F-86B2-0A4761BC3EB1}.Release|Any CPU.ActiveCfg = Release|Any CPU
		{F39E67C2-1BCC-4F3F-86B2-0A4761BC3EB1}.Release|Any CPU.Build.0 = Release|Any CPU
	EndGlobalSection
	GlobalSection(SolutionProperties) = preSolution
		HideSolutionNode = FALSE
	EndGlobalSection
	GlobalSection(ExtensibilityGlobals) = postSolution
		SolutionGuid = {81450CDF-C1AC-4C38-8409-5238EF356552}
	EndGlobalSection
EndGlobal
